
Microsoft Visual Studio Solution File, Format Version 12.00
# Visual Studio Version 17
VisualStudioVersion = 17.7.34202.233
MinimumVisualStudioVersion = 10.0.40219.1
Project("{FAE04EC0-301F-11D3-BF4B-00C04F79EFBC}") = "WebAPI", "WebAPI\WebAPI.csproj", "{DEE2F889-2D1E-4505-A115-67252D018B3A}"
EndProject
Project("{FAE04EC0-301F-11D3-BF4B-00C04F79EFBC}") = "Supuran_Alex_Lab11", "Supuran_Alex_Lab11\Supuran_Alex_Lab11.csproj", "{F3596AEB-C960-4EB6-928F-68F898606236}"
EndProject
Global
	GlobalSection(SolutionConfigurationPlatforms) = preSolution
		Debug|Any CPU = Debug|Any CPU
		Release|Any CPU = Release|Any CPU
	EndGlobalSection
	GlobalSection(ProjectConfigurationPlatforms) = postSolution
		{DEE2F889-2D1E-4505-A115-67252D018B3A}.Debug|Any CPU.ActiveCfg = Debug|Any CPU
		{DEE2F889-2D1E-4505-A115-67252D018B3A}.Debug|Any CPU.Build.0 = Debug|Any CPU
		{DEE2F889-2D1E-4505-A115-67252D018B3A}.Release|Any CPU.ActiveCfg = Release|Any CPU
		{DEE2F889-2D1E-4505-A115-67252D018B3A}.Release|Any CPU.Build.0 = Release|Any CPU
		{F3596AEB-C960-4EB6-928F-68F898606236}.Debug|Any CPU.ActiveCfg = Debug|Any CPU
		{F3596AEB-C960-4EB6-928F-68F898606236}.Debug|Any CPU.Build.0 = Debug|Any CPU
		{F3596AEB-C960-4EB6-928F-68F898606236}.Debug|Any CPU.Deploy.0 = Debug|Any CPU
		{F3596AEB-C960-4EB6-928F-68F898606236}.Release|Any CPU.ActiveCfg = Release|Any CPU
		{F3596AEB-C960-4EB6-928F-68F898606236}.Release|Any CPU.Build.0 = Release|Any CPU
		{F3596AEB-C960-4EB6-928F-68F898606236}.Release|Any CPU.Deploy.0 = Release|Any CPU
	EndGlobalSection
	GlobalSection(SolutionProperties) = preSolution
		HideSolutionNode = FALSE
	EndGlobalSection
	GlobalSection(ExtensibilityGlobals) = postSolution
		SolutionGuid = {7BFB5837-244C-4777-B5A9-427565CC9BBE}
	EndGlobalSection
EndGlobal
